
Microsoft Visual Studio Solution File, Format Version 12.00
# Visual Studio Version 17
VisualStudioVersion = 17.12.35527.113 d17.12
MinimumVisualStudioVersion = 10.0.40219.1
Project("{FAE04EC0-301F-11D3-BF4B-00C04F79EFBC}") = "UdemyCore_Proje", "UdemyCore_Proje\UdemyCore_Proje.csproj", "{4476DCB2-F0BC-40A8-BA91-4FEAF5BD8F51}"
EndProject
Project("{FAE04EC0-301F-11D3-BF4B-00C04F79EFBC}") = "BusinessLayer", "BusinessLayer\BusinessLayer.csproj", "{617A086F-F43D-4F9C-80EB-05A9902DAC56}"
EndProject
Project("{FAE04EC0-301F-11D3-BF4B-00C04F79EFBC}") = "DataAccessLayer", "DataAccessLayer\DataAccessLayer.csproj", "{3DBF6C6D-74BE-48AD-AD7A-26B75E9C65CE}"
EndProject
Project("{FAE04EC0-301F-11D3-BF4B-00C04F79EFBC}") = "EntityLayer", "EntityLayer\EntityLayer.csproj", "{2FCF0A16-A1B4-48B6-BD1F-3293ECB4A2DB}"
EndProject
Global
	GlobalSection(SolutionConfigurationPlatforms) = preSolution
		Debug|Any CPU = Debug|Any CPU
		Release|Any CPU = Release|Any CPU
	EndGlobalSection
	GlobalSection(ProjectConfigurationPlatforms) = postSolution
		{4476DCB2-F0BC-40A8-BA91-4FEAF5BD8F51}.Debug|Any CPU.ActiveCfg = Debug|Any CPU
		{4476DCB2-F0BC-40A8-BA91-4FEAF5BD8F51}.Debug|Any CPU.Build.0 = Debug|Any CPU
		{4476DCB2-F0BC-40A8-BA91-4FEAF5BD8F51}.Release|Any CPU.ActiveCfg = Release|Any CPU
		{4476DCB2-F0BC-40A8-BA91-4FEAF5BD8F51}.Release|Any CPU.Build.0 = Release|Any CPU
		{617A086F-F43D-4F9C-80EB-05A9902DAC56}.Debug|Any CPU.ActiveCfg = Debug|Any CPU
		{617A086F-F43D-4F9C-80EB-05A9902DAC56}.Debug|Any CPU.Build.0 = Debug|Any CPU
		{617A086F-F43D-4F9C-80EB-05A9902DAC56}.Release|Any CPU.ActiveCfg = Release|Any CPU
		{617A086F-F43D-4F9C-80EB-05A9902DAC56}.Release|Any CPU.Build.0 = Release|Any CPU
		{3DBF6C6D-74BE-48AD-AD7A-26B75E9C65CE}.Debug|Any CPU.ActiveCfg = Debug|Any CPU
		{3DBF6C6D-74BE-48AD-AD7A-26B75E9C65CE}.Debug|Any CPU.Build.0 = Debug|Any CPU
		{3DBF6C6D-74BE-48AD-AD7A-26B75E9C65CE}.Release|Any CPU.ActiveCfg = Release|Any CPU
		{3DBF6C6D-74BE-48AD-AD7A-26B75E9C65CE}.Release|Any CPU.Build.0 = Release|Any CPU
		{2FCF0A16-A1B4-48B6-BD1F-3293ECB4A2DB}.Debug|Any CPU.ActiveCfg = Debug|Any CPU
		{2FCF0A16-A1B4-48B6-BD1F-3293ECB4A2DB}.Debug|Any CPU.Build.0 = Debug|Any CPU
		{2FCF0A16-A1B4-48B6-BD1F-3293ECB4A2DB}.Release|Any CPU.ActiveCfg = Release|Any CPU
		{2FCF0A16-A1B4-48B6-BD1F-3293ECB4A2DB}.Release|Any CPU.Build.0 = Release|Any CPU
	EndGlobalSection
	GlobalSection(SolutionProperties) = preSolution
		HideSolutionNode = FALSE
	EndGlobalSection
EndGlobal
